
Microsoft Visual Studio Solution File, Format Version 12.00
# Visual Studio 15
VisualStudioVersion = 15.0.28307.421
MinimumVisualStudioVersion = 10.0.40219.1
Project("{9A19103F-16F7-4668-BE54-9A1E7A4F7556}") = "GoshoSecurityAPI", "GoshoSecurityAPI\GoshoSecurityAPI.csproj", "{209F88D4-D24C-4DE0-87B8-46EABD22E7C3}"
EndProject
Project("{9A19103F-16F7-4668-BE54-9A1E7A4F7556}") = "GoshoSecurity.Data", "GoshoSecurity.Data\GoshoSecurity.Data.csproj", "{E98A6607-DD49-4EAC-BBFF-4902B46A66C0}"
EndProject
Project("{9A19103F-16F7-4668-BE54-9A1E7A4F7556}") = "GoshoSecurity.Models", "GoshoSecurity.Models\GoshoSecurity.Models.csproj", "{B9B0ACDA-3045-46BD-9003-CBD339FAB8DD}"
EndProject
Project("{9A19103F-16F7-4668-BE54-9A1E7A4F7556}") = "GoshoSecurity.Infrastructure", "GoshoSecurity.Infrastructure\GoshoSecurity.Infrastructure.csproj", "{46EE1E68-855E-4256-B7E1-01025CF1B3D2}"
EndProject
Project("{9A19103F-16F7-4668-BE54-9A1E7A4F7556}") = "GoshoSecurity.Services", "GoshoSecurity.Services\GoshoSecurity.Services.csproj", "{B62EFADB-E37D-4AD6-9FEA-84C945B49747}"
EndProject
Global
	GlobalSection(SolutionConfigurationPlatforms) = preSolution
		Ad-Hoc|Any CPU = Ad-Hoc|Any CPU
		Ad-Hoc|iPhone = Ad-Hoc|iPhone
		Ad-Hoc|iPhoneSimulator = Ad-Hoc|iPhoneSimulator
		AppStore|Any CPU = AppStore|Any CPU
		AppStore|iPhone = AppStore|iPhone
		AppStore|iPhoneSimulator = AppStore|iPhoneSimulator
		Debug|Any CPU = Debug|Any CPU
		Debug|iPhone = Debug|iPhone
		Debug|iPhoneSimulator = Debug|iPhoneSimulator
		Release|Any CPU = Release|Any CPU
		Release|iPhone = Release|iPhone
		Release|iPhoneSimulator = Release|iPhoneSimulator
	EndGlobalSection
	GlobalSection(ProjectConfigurationPlatforms) = postSolution
		{209F88D4-D24C-4DE0-87B8-46EABD22E7C3}.Ad-Hoc|Any CPU.ActiveCfg = Release|Any CPU
		{209F88D4-D24C-4DE0-87B8-46EABD22E7C3}.Ad-Hoc|Any CPU.Build.0 = Release|Any CPU
		{209F88D4-D24C-4DE0-87B8-46EABD22E7C3}.Ad-Hoc|iPhone.ActiveCfg = Release|Any CPU
		{209F88D4-D24C-4DE0-87B8-46EABD22E7C3}.Ad-Hoc|iPhone.Build.0 = Release|Any CPU
		{209F88D4-D24C-4DE0-87B8-46EABD22E7C3}.Ad-Hoc|iPhoneSimulator.ActiveCfg = Release|Any CPU
		{209F88D4-D24C-4DE0-87B8-46EABD22E7C3}.Ad-Hoc|iPhoneSimulator.Build.0 = Release|Any CPU
		{209F88D4-D24C-4DE0-87B8-46EABD22E7C3}.AppStore|Any CPU.ActiveCfg = Release|Any CPU
		{209F88D4-D24C-4DE0-87B8-46EABD22E7C3}.AppStore|Any CPU.Build.0 = Release|Any CPU
		{209F88D4-D24C-4DE0-87B8-46EABD22E7C3}.AppStore|iPhone.ActiveCfg = Release|Any CPU
		{209F88D4-D24C-4DE0-87B8-46EABD22E7C3}.AppStore|iPhone.Build.0 = Release|Any CPU
		{209F88D4-D24C-4DE0-87B8-46EABD22E7C3}.AppStore|iPhoneSimulator.ActiveCfg = Release|Any CPU
		{209F88D4-D24C-4DE0-87B8-46EABD22E7C3}.AppStore|iPhoneSimulator.Build.0 = Release|Any CPU
		{209F88D4-D24C-4DE0-87B8-46EABD22E7C3}.Debug|Any CPU.ActiveCfg = Debug|Any CPU
		{209F88D4-D24C-4DE0-87B8-46EABD22E7C3}.Debug|Any CPU.Build.0 = Debug|Any CPU
		{209F88D4-D24C-4DE0-87B8-46EABD22E7C3}.Debug|iPhone.ActiveCfg = Debug|Any CPU
		{209F88D4-D24C-4DE0-87B8-46EABD22E7C3}.Debug|iPhone.Build.0 = Debug|Any CPU
		{209F88D4-D24C-4DE0-87B8-46EABD22E7C3}.Debug|iPhoneSimulator.ActiveCfg = Debug|Any CPU
		{209F88D4-D24C-4DE0-87B8-46EABD22E7C3}.Debug|iPhoneSimulator.Build.0 = Debug|Any CPU
		{209F88D4-D24C-4DE0-87B8-46EABD22E7C3}.Release|Any CPU.ActiveCfg = Release|Any CPU
		{209F88D4-D24C-4DE0-87B8-46EABD22E7C3}.Release|Any CPU.Build.0 = Release|Any CPU
		{209F88D4-D24C-4DE0-87B8-46EABD22E7C3}.Release|iPhone.ActiveCfg = Release|Any CPU
		{209F88D4-D24C-4DE0-87B8-46EABD22E7C3}.Release|iPhone.Build.0 = Release|Any CPU
		{209F88D4-D24C-4DE0-87B8-46EABD22E7C3}.Release|iPhoneSimulator.ActiveCfg = Release|Any CPU
		{209F88D4-D24C-4DE0-87B8-46EABD22E7C3}.Release|iPhoneSimulator.Build.0 = Release|Any CPU
		{E98A6607-DD49-4EAC-BBFF-4902B46A66C0}.Ad-Hoc|Any CPU.ActiveCfg = Release|Any CPU
		{E98A6607-DD49-4EAC-BBFF-4902B46A66C0}.Ad-Hoc|Any CPU.Build.0 = Release|Any CPU
		{E98A6607-DD49-4EAC-BBFF-4902B46A66C0}.Ad-Hoc|iPhone.ActiveCfg = Release|Any CPU
		{E98A6607-DD49-4EAC-BBFF-4902B46A66C0}.Ad-Hoc|iPhone.Build.0 = Release|Any CPU
		{E98A6607-DD49-4EAC-BBFF-4902B46A66C0}.Ad-Hoc|iPhoneSimulator.ActiveCfg = Release|Any CPU
		{E98A6607-DD49-4EAC-BBFF-4902B46A66C0}.Ad-Hoc|iPhoneSimulator.Build.0 = Release|Any CPU
		{E98A6607-DD49-4EAC-BBFF-4902B46A66C0}.AppStore|Any CPU.ActiveCfg = Release|Any CPU
		{E98A6607-DD49-4EAC-BBFF-4902B46A66C0}.AppStore|Any CPU.Build.0 = Release|Any CPU
		{E98A6607-DD49-4EAC-BBFF-4902B46A66C0}.AppStore|iPhone.ActiveCfg = Release|Any CPU
		{E98A6607-DD49-4EAC-BBFF-4902B46A66C0}.AppStore|iPhone.Build.0 = Release|Any CPU
		{E98A6607-DD49-4EAC-BBFF-4902B46A66C0}.AppStore|iPhoneSimulator.ActiveCfg = Release|Any CPU
		{E98A6607-DD49-4EAC-BBFF-4902B46A66C0}.AppStore|iPhoneSimulator.Build.0 = Release|Any CPU
		{E98A6607-DD49-4EAC-BBFF-4902B46A66C0}.Debug|Any CPU.ActiveCfg = Debug|Any CPU
		{E98A6607-DD49-4EAC-BBFF-4902B46A66C0}.Debug|Any CPU.Build.0 = Debug|Any CPU
		{E98A6607-DD49-4EAC-BBFF-4902B46A66C0}.Debug|iPhone.ActiveCfg = Debug|Any CPU
		{E98A6607-DD49-4EAC-BBFF-4902B46A66C0}.Debug|iPhone.Build.0 = Debug|Any CPU
		{E98A6607-DD49-4EAC-BBFF-4902B46A66C0}.Debug|iPhoneSimulator.ActiveCfg = Debug|Any CPU
		{E98A6607-DD49-4EAC-BBFF-4902B46A66C0}.Debug|iPhoneSimulator.Build.0 = Debug|Any CPU
		{E98A6607-DD49-4EAC-BBFF-4902B46A66C0}.Release|Any CPU.ActiveCfg = Release|Any CPU
		{E98A6607-DD49-4EAC-BBFF-4902B46A66C0}.Release|Any CPU.Build.0 = Release|Any CPU
		{E98A6607-DD49-4EAC-BBFF-4902B46A66C0}.Release|iPhone.ActiveCfg = Release|Any CPU
		{E98A6607-DD49-4EAC-BBFF-4902B46A66C0}.Release|iPhone.Build.0 = Release|Any CPU
		{E98A6607-DD49-4EAC-BBFF-4902B46A66C0}.Release|iPhoneSimulator.ActiveCfg = Release|Any CPU
		{E98A6607-DD49-4EAC-BBFF-4902B46A66C0}.Release|iPhoneSimulator.Build.0 = Release|Any CPU
		{B9B0ACDA-3045-46BD-9003-CBD339FAB8DD}.Ad-Hoc|Any CPU.ActiveCfg = Release|Any CPU
		{B9B0ACDA-3045-46BD-9003-CBD339FAB8DD}.Ad-Hoc|Any CPU.Build.0 = Release|Any CPU
		{B9B0ACDA-3045-46BD-9003-CBD339FAB8DD}.Ad-Hoc|iPhone.ActiveCfg = Release|Any CPU
		{B9B0ACDA-3045-46BD-9003-CBD339FAB8DD}.Ad-Hoc|iPhone.Build.0 = Release|Any CPU
		{B9B0ACDA-3045-46BD-9003-CBD339FAB8DD}.Ad-Hoc|iPhoneSimulator.ActiveCfg = Release|Any CPU
		{B9B0ACDA-3045-46BD-9003-CBD339FAB8DD}.Ad-Hoc|iPhoneSimulator.Build.0 = Release|Any CPU
		{B9B0ACDA-3045-46BD-9003-CBD339FAB8DD}.AppStore|Any CPU.ActiveCfg = Release|Any CPU
		{B9B0ACDA-3045-46BD-9003-CBD339FAB8DD}.AppStore|Any CPU.Build.0 = Release|Any CPU
		{B9B0ACDA-3045-46BD-9003-CBD339FAB8DD}.AppStore|iPhone.ActiveCfg = Release|Any CPU
		{B9B0ACDA-3045-46BD-9003-CBD339FAB8DD}.AppStore|iPhone.Build.0 = Release|Any CPU
		{B9B0ACDA-3045-46BD-9003-CBD339FAB8DD}.AppStore|iPhoneSimulator.ActiveCfg = Release|Any CPU
		{B9B0ACDA-3045-46BD-9003-CBD339FAB8DD}.AppStore|iPhoneSimulator.Build.0 = Release|Any CPU
		{B9B0ACDA-3045-46BD-9003-CBD339FAB8DD}.Debug|Any CPU.ActiveCfg = Debug|Any CPU
		{B9B0ACDA-3045-46BD-9003-CBD339FAB8DD}.Debug|Any CPU.Build.0 = Debug|Any CPU
		{B9B0ACDA-3045-46BD-9003-CBD339FAB8DD}.Debug|iPhone.ActiveCfg = Debug|Any CPU
		{B9B0ACDA-3045-46BD-9003-CBD339FAB8DD}.Debug|iPhone.Build.0 = Debug|Any CPU
		{B9B0ACDA-3045-46BD-9003-CBD339FAB8DD}.Debug|iPhoneSimulator.ActiveCfg = Debug|Any CPU
		{B9B0ACDA-3045-46BD-9003-CBD339FAB8DD}.Debug|iPhoneSimulator.Build.0 = Debug|Any CPU
		{B9B0ACDA-3045-46BD-9003-CBD339FAB8DD}.Release|Any CPU.ActiveCfg = Release|Any CPU
		{B9B0ACDA-3045-46BD-9003-CBD339FAB8DD}.Release|Any CPU.Build.0 = Release|Any CPU
		{B9B0ACDA-3045-46BD-9003-CBD339FAB8DD}.Release|iPhone.ActiveCfg = Release|Any CPU
		{B9B0ACDA-3045-46BD-9003-CBD339FAB8DD}.Release|iPhone.Build.0 = Release|Any CPU
		{B9B0ACDA-3045-46BD-9003-CBD339FAB8DD}.Release|iPhoneSimulator.ActiveCfg = Release|Any CPU
		{B9B0ACDA-3045-46BD-9003-CBD339FAB8DD}.Release|iPhoneSimulator.Build.0 = Release|Any CPU
		{46EE1E68-855E-4256-B7E1-01025CF1B3D2}.Ad-Hoc|Any CPU.ActiveCfg = Release|Any CPU
		{46EE1E68-855E-4256-B7E1-01025CF1B3D2}.Ad-Hoc|Any CPU.Build.0 = Release|Any CPU
		{46EE1E68-855E-4256-B7E1-01025CF1B3D2}.Ad-Hoc|iPhone.ActiveCfg = Release|Any CPU
		{46EE1E68-855E-4256-B7E1-01025CF1B3D2}.Ad-Hoc|iPhone.Build.0 = Release|Any CPU
		{46EE1E68-855E-4256-B7E1-01025CF1B3D2}.Ad-Hoc|iPhoneSimulator.ActiveCfg = Release|Any CPU
		{46EE1E68-855E-4256-B7E1-01025CF1B3D2}.Ad-Hoc|iPhoneSimulator.Build.0 = Release|Any CPU
		{46EE1E68-855E-4256-B7E1-01025CF1B3D2}.AppStore|Any CPU.ActiveCfg = Release|Any CPU
		{46EE1E68-855E-4256-B7E1-01025CF1B3D2}.AppStore|Any CPU.Build.0 = Release|Any CPU
		{46EE1E68-855E-4256-B7E1-01025CF1B3D2}.AppStore|iPhone.ActiveCfg = Release|Any CPU
		{46EE1E68-855E-4256-B7E1-01025CF1B3D2}.AppStore|iPhone.Build.0 = Release|Any CPU
		{46EE1E68-855E-4256-B7E1-01025CF1B3D2}.AppStore|iPhoneSimulator.ActiveCfg = Release|Any CPU
		{46EE1E68-855E-4256-B7E1-01025CF1B3D2}.AppStore|iPhoneSimulator.Build.0 = Release|Any CPU
		{46EE1E68-855E-4256-B7E1-01025CF1B3D2}.Debug|Any CPU.ActiveCfg = Debug|Any CPU
		{46EE1E68-855E-4256-B7E1-01025CF1B3D2}.Debug|Any CPU.Build.0 = Debug|Any CPU
		{46EE1E68-855E-4256-B7E1-01025CF1B3D2}.Debug|iPhone.ActiveCfg = Debug|Any CPU
		{46EE1E68-855E-4256-B7E1-01025CF1B3D2}.Debug|iPhone.Build.0 = Debug|Any CPU
		{46EE1E68-855E-4256-B7E1-01025CF1B3D2}.Debug|iPhoneSimulator.ActiveCfg = Debug|Any CPU
		{46EE1E68-855E-4256-B7E1-01025CF1B3D2}.Debug|iPhoneSimulator.Build.0 = Debug|Any CPU
		{46EE1E68-855E-4256-B7E1-01025CF1B3D2}.Release|Any CPU.ActiveCfg = Release|Any CPU
		{46EE1E68-855E-4256-B7E1-01025CF1B3D2}.Release|Any CPU.Build.0 = Release|Any CPU
		{46EE1E68-855E-4256-B7E1-01025CF1B3D2}.Release|iPhone.ActiveCfg = Release|Any CPU
		{46EE1E68-855E-4256-B7E1-01025CF1B3D2}.Release|iPhone.Build.0 = Release|Any CPU
		{46EE1E68-855E-4256-B7E1-01025CF1B3D2}.Release|iPhoneSimulator.ActiveCfg = Release|Any CPU
		{46EE1E68-855E-4256-B7E1-01025CF1B3D2}.Release|iPhoneSimulator.Build.0 = Release|Any CPU
		{B62EFADB-E37D-4AD6-9FEA-84C945B49747}.Ad-Hoc|Any CPU.ActiveCfg = Release|Any CPU
		{B62EFADB-E37D-4AD6-9FEA-84C945B49747}.Ad-Hoc|Any CPU.Build.0 = Release|Any CPU
		{B62EFADB-E37D-4AD6-9FEA-84C945B49747}.Ad-Hoc|iPhone.ActiveCfg = Release|Any CPU
		{B62EFADB-E37D-4AD6-9FEA-84C945B49747}.Ad-Hoc|iPhone.Build.0 = Release|Any CPU
		{B62EFADB-E37D-4AD6-9FEA-84C945B49747}.Ad-Hoc|iPhoneSimulator.ActiveCfg = Release|Any CPU
		{B62EFADB-E37D-4AD6-9FEA-84C945B49747}.Ad-Hoc|iPhoneSimulator.Build.0 = Release|Any CPU
		{B62EFADB-E37D-4AD6-9FEA-84C945B49747}.AppStore|Any CPU.ActiveCfg = Release|Any CPU
		{B62EFADB-E37D-4AD6-9FEA-84C945B49747}.AppStore|Any CPU.Build.0 = Release|Any CPU
		{B62EFADB-E37D-4AD6-9FEA-84C945B49747}.AppStore|iPhone.ActiveCfg = Release|Any CPU
		{B62EFADB-E37D-4AD6-9FEA-84C945B49747}.AppStore|iPhone.Build.0 = Release|Any CPU
		{B62EFADB-E37D-4AD6-9FEA-84C945B49747}.AppStore|iPhoneSimulator.ActiveCfg = Release|Any CPU
		{B62EFADB-E37D-4AD6-9FEA-84C945B49747}.AppStore|iPhoneSimulator.Build.0 = Release|Any CPU
		{B62EFADB-E37D-4AD6-9FEA-84C945B49747}.Debug|Any CPU.ActiveCfg = Debug|Any CPU
		{B62EFADB-E37D-4AD6-9FEA-84C945B49747}.Debug|Any CPU.Build.0 = Debug|Any CPU
		{B62EFADB-E37D-4AD6-9FEA-84C945B49747}.Debug|iPhone.ActiveCfg = Debug|Any CPU
		{B62EFADB-E37D-4AD6-9FEA-84C945B49747}.Debug|iPhone.Build.0 = Debug|Any CPU
		{B62EFADB-E37D-4AD6-9FEA-84C945B49747}.Debug|iPhoneSimulator.ActiveCfg = Debug|Any CPU
		{B62EFADB-E37D-4AD6-9FEA-84C945B49747}.Debug|iPhoneSimulator.Build.0 = Debug|Any CPU
		{B62EFADB-E37D-4AD6-9FEA-84C945B49747}.Release|Any CPU.ActiveCfg = Release|Any CPU
		{B62EFADB-E37D-4AD6-9FEA-84C945B49747}.Release|Any CPU.Build.0 = Release|Any CPU
		{B62EFADB-E37D-4AD6-9FEA-84C945B49747}.Release|iPhone.ActiveCfg = Release|Any CPU
		{B62EFADB-E37D-4AD6-9FEA-84C945B49747}.Release|iPhone.Build.0 = Release|Any CPU
		{B62EFADB-E37D-4AD6-9FEA-84C945B49747}.Release|iPhoneSimulator.ActiveCfg = Release|Any CPU
		{B62EFADB-E37D-4AD6-9FEA-84C945B49747}.Release|iPhoneSimulator.Build.0 = Release|Any CPU
	EndGlobalSection
	GlobalSection(SolutionProperties) = preSolution
		HideSolutionNode = FALSE
	EndGlobalSection
	GlobalSection(ExtensibilityGlobals) = postSolution
		SolutionGuid = {8BDF0CC7-D37E-44A4-AD45-281FBEF91B01}
	EndGlobalSection
EndGlobal
